
Microsoft Visual Studio Solution File, Format Version 12.00
Project("{FAE04EC0-301F-11D3-BF4B-00C04F79EFBC}") = "DashboardAvalonia", "DashboardAvalonia\DashboardAvalonia.csproj", "{EBFA8512-1EA5-4D8C-B4AC-AB5B48A6D568}"
EndProject
Project("{FAE04EC0-301F-11D3-BF4B-00C04F79EFBC}") = "DashboardAvalonia.NetCore", "DashboardAvalonia.NetCore\DashboardAvalonia.NetCore.csproj", "{ABC31E74-02FF-46EB-B3B2-4E6AE43B456C}"
EndProject
Project("{FAE04EC0-301F-11D3-BF4B-00C04F79EFBC}") = "DashboardAvalonia.Web", "DashboardAvalonia.Web\DashboardAvalonia.Web.csproj", "{1C1A049E-235C-4CD0-B6FA-D53AC418F4DA}"
EndProject
Project("{2150E333-8FDC-42A3-9474-1A3956D46DE8}") = "Shared", "Shared", "{DBF72A30-7583-4165-ADDD-38B59BD9E312}"
EndProject
Project("{FAE04EC0-301F-11D3-BF4B-00C04F79EFBC}") = "SmartSkating.Dto", "..\..\..\Shared\SmartSkating.Dto\SmartSkating.Dto.csproj", "{CB2873E3-8CCA-49BF-9618-959EFBA82565}"
EndProject
Project("{FAE04EC0-301F-11D3-BF4B-00C04F79EFBC}") = "SmartSkating", "..\..\..\Shared\SmartSkating\SmartSkating.csproj", "{0F77F56A-433E-4F00-B634-289F43F0C25C}"
EndProject
Project("{FAE04EC0-301F-11D3-BF4B-00C04F79EFBC}") = "SmartSkating.Tests", "..\..\..\Shared\SmartSkating.Tests\SmartSkating.Tests.csproj", "{3794CB25-07A1-41FC-AD42-021432325610}"
EndProject
Project("{FAE04EC0-301F-11D3-BF4B-00C04F79EFBC}") = "SmartSkating.Dto.Tests", "..\..\..\Shared\SmartSkating.Dto.Tests\SmartSkating.Dto.Tests.csproj", "{3C90DBD2-9472-4400-B916-1E011FFEAE79}"
EndProject
Project("{2150E333-8FDC-42A3-9474-1A3956D46DE8}") = "Client", "Client", "{1857290C-078F-40F1-9FF9-60F7E9095BE4}"
EndProject
Project("{2150E333-8FDC-42A3-9474-1A3956D46DE8}") = "Dashboard", "Dashboard", "{FCC03452-9858-4584-981D-776CC691DB4B}"
EndProject
Project("{D954291E-2A0B-460D-934E-DC6B0785DB48}") = "DummyServices", "..\..\DummyServices\DummyServices.shproj", "{F4E6962A-A1AB-4BED-A4A0-7194BAED0D96}"
EndProject
Global
	GlobalSection(SolutionConfigurationPlatforms) = preSolution
		Debug|Any CPU = Debug|Any CPU
		Release|Any CPU = Release|Any CPU
	EndGlobalSection
	GlobalSection(ProjectConfigurationPlatforms) = postSolution
		{EBFA8512-1EA5-4D8C-B4AC-AB5B48A6D568}.Debug|Any CPU.ActiveCfg = Debug|Any CPU
		{EBFA8512-1EA5-4D8C-B4AC-AB5B48A6D568}.Debug|Any CPU.Build.0 = Debug|Any CPU
		{EBFA8512-1EA5-4D8C-B4AC-AB5B48A6D568}.Release|Any CPU.ActiveCfg = Release|Any CPU
		{EBFA8512-1EA5-4D8C-B4AC-AB5B48A6D568}.Release|Any CPU.Build.0 = Release|Any CPU
		{ABC31E74-02FF-46EB-B3B2-4E6AE43B456C}.Debug|Any CPU.ActiveCfg = Debug|Any CPU
		{ABC31E74-02FF-46EB-B3B2-4E6AE43B456C}.Debug|Any CPU.Build.0 = Debug|Any CPU
		{ABC31E74-02FF-46EB-B3B2-4E6AE43B456C}.Release|Any CPU.ActiveCfg = Release|Any CPU
		{ABC31E74-02FF-46EB-B3B2-4E6AE43B456C}.Release|Any CPU.Build.0 = Release|Any CPU
		{1C1A049E-235C-4CD0-B6FA-D53AC418F4DA}.Debug|Any CPU.ActiveCfg = Debug|Any CPU
		{1C1A049E-235C-4CD0-B6FA-D53AC418F4DA}.Debug|Any CPU.Build.0 = Debug|Any CPU
		{1C1A049E-235C-4CD0-B6FA-D53AC418F4DA}.Release|Any CPU.ActiveCfg = Release|Any CPU
		{1C1A049E-235C-4CD0-B6FA-D53AC418F4DA}.Release|Any CPU.Build.0 = Release|Any CPU
		{CB2873E3-8CCA-49BF-9618-959EFBA82565}.Debug|Any CPU.ActiveCfg = Debug|Any CPU
		{CB2873E3-8CCA-49BF-9618-959EFBA82565}.Debug|Any CPU.Build.0 = Debug|Any CPU
		{CB2873E3-8CCA-49BF-9618-959EFBA82565}.Release|Any CPU.ActiveCfg = Release|Any CPU
		{CB2873E3-8CCA-49BF-9618-959EFBA82565}.Release|Any CPU.Build.0 = Release|Any CPU
		{0F77F56A-433E-4F00-B634-289F43F0C25C}.Debug|Any CPU.ActiveCfg = Debug|Any CPU
		{0F77F56A-433E-4F00-B634-289F43F0C25C}.Debug|Any CPU.Build.0 = Debug|Any CPU
		{0F77F56A-433E-4F00-B634-289F43F0C25C}.Release|Any CPU.ActiveCfg = Release|Any CPU
		{0F77F56A-433E-4F00-B634-289F43F0C25C}.Release|Any CPU.Build.0 = Release|Any CPU
		{3794CB25-07A1-41FC-AD42-021432325610}.Debug|Any CPU.ActiveCfg = Debug|Any CPU
		{3794CB25-07A1-41FC-AD42-021432325610}.Debug|Any CPU.Build.0 = Debug|Any CPU
		{3794CB25-07A1-41FC-AD42-021432325610}.Release|Any CPU.ActiveCfg = Release|Any CPU
		{3794CB25-07A1-41FC-AD42-021432325610}.Release|Any CPU.Build.0 = Release|Any CPU
		{3C90DBD2-9472-4400-B916-1E011FFEAE79}.Debug|Any CPU.ActiveCfg = Debug|Any CPU
		{3C90DBD2-9472-4400-B916-1E011FFEAE79}.Debug|Any CPU.Build.0 = Debug|Any CPU
		{3C90DBD2-9472-4400-B916-1E011FFEAE79}.Release|Any CPU.ActiveCfg = Release|Any CPU
		{3C90DBD2-9472-4400-B916-1E011FFEAE79}.Release|Any CPU.Build.0 = Release|Any CPU
	EndGlobalSection
	GlobalSection(NestedProjects) = preSolution
		{CB2873E3-8CCA-49BF-9618-959EFBA82565} = {DBF72A30-7583-4165-ADDD-38B59BD9E312}
		{0F77F56A-433E-4F00-B634-289F43F0C25C} = {DBF72A30-7583-4165-ADDD-38B59BD9E312}
		{3794CB25-07A1-41FC-AD42-021432325610} = {DBF72A30-7583-4165-ADDD-38B59BD9E312}
		{3C90DBD2-9472-4400-B916-1E011FFEAE79} = {DBF72A30-7583-4165-ADDD-38B59BD9E312}
		{FCC03452-9858-4584-981D-776CC691DB4B} = {1857290C-078F-40F1-9FF9-60F7E9095BE4}
		{EBFA8512-1EA5-4D8C-B4AC-AB5B48A6D568} = {FCC03452-9858-4584-981D-776CC691DB4B}
		{ABC31E74-02FF-46EB-B3B2-4E6AE43B456C} = {FCC03452-9858-4584-981D-776CC691DB4B}
		{1C1A049E-235C-4CD0-B6FA-D53AC418F4DA} = {FCC03452-9858-4584-981D-776CC691DB4B}
		{F4E6962A-A1AB-4BED-A4A0-7194BAED0D96} = {1857290C-078F-40F1-9FF9-60F7E9095BE4}
	EndGlobalSection
EndGlobal
